
Microsoft Visual Studio Solution File, Format Version 12.00
# Visual Studio 15
VisualStudioVersion = 15.0.28307.852
MinimumVisualStudioVersion = 10.0.40219.1
Project("{F184B08F-C81C-45F6-A57F-5ABD9991F28F}") = "webservice", "webservice\webservice.vbproj", "{AB0DDD1F-34C0-40AE-8768-416E35267205}"
EndProject
Global
	GlobalSection(SolutionConfigurationPlatforms) = preSolution
		Debug|Any CPU = Debug|Any CPU
		Release|Any CPU = Release|Any CPU
	EndGlobalSection
	GlobalSection(ProjectConfigurationPlatforms) = postSolution
		{AB0DDD1F-34C0-40AE-8768-416E35267205}.Debug|Any CPU.ActiveCfg = Debug|Any CPU
		{AB0DDD1F-34C0-40AE-8768-416E35267205}.Debug|Any CPU.Build.0 = Debug|Any CPU
		{AB0DDD1F-34C0-40AE-8768-416E35267205}.Release|Any CPU.ActiveCfg = Release|Any CPU
		{AB0DDD1F-34C0-40AE-8768-416E35267205}.Release|Any CPU.Build.0 = Release|Any CPU
	EndGlobalSection
	GlobalSection(SolutionProperties) = preSolution
		HideSolutionNode = FALSE
	EndGlobalSection
	GlobalSection(ExtensibilityGlobals) = postSolution
		SolutionGuid = {D767FA31-8326-4A04-B561-4E9B5A583B08}
	EndGlobalSection
EndGlobal
